{
    "_readme": [
        "This file locks the dependencies of your project to a known state",
        "Read more about it at https://getcomposer.org/doc/01-basic-usage.md#composer-lock-the-lock-file",
        "This file is @generated automatically"
    ],
    "hash": "35bcb5c4034f8bca6dfca2653fbf7bbb",
    "content-hash": "f404f5eef6c516d8621ebf5c04481da1",
    "packages": [
        {
            "name": "aoswce/zphp",
            "version": "dev-master",
            "source": {
                "type": "git",
                "url": "https://github.com/aoswce/swoole-zphp.git",
                "reference": "d220c1ac0ff53bbb4982f7239d5d8eb15fa8fa82"
            },
            "dist": {
                "type": "zip",
                "url": "https://api.github.com/repos/aoswce/swoole-zphp/zipball/d220c1ac0ff53bbb4982f7239d5d8eb15fa8fa82",
                "reference": "d220c1ac0ff53bbb4982f7239d5d8eb15fa8fa82",
                "shasum": ""
            },
            "require": {
                "ext-swoole": ">=1.8.0,<2.0.0"
            },
            "type": "library",
            "autoload": {
                "psr-4": {
                    "ZPHP\\": "ZPHP"
                }
            },
            "license": [
                "MIT"
            ],
            "authors": [
                {
                    "name": "aoswce",
                    "email": "aoswce@126.com",
                    "homepage": "https://github.com/aoswce"
                }
            ],
            "description": "Asynchronous non-blocking framework based on ZPHP transformation",
            "support": {
                "source": "https://github.com/aoswce/swoole-zphp/tree/master",
                "issues": "https://github.com/aoswce/swoole-zphp/issues"
            },
            "time": "2016-12-29 10:01:03"
        }
    ],
    "packages-dev": [],
    "aliases": [],
    "minimum-stability": "stable",
    "stability-flags": {
        "aoswce/zphp": 20
    },
    "prefer-stable": false,
    "prefer-lowest": false,
    "platform": [],
    "platform-dev": []
}
